Microsoft Visual Studio Solution File, Format Version 12.00
# Visual Studio Version 17
VisualStudioVersion = 17.0.31903.59
MinimumVisualStudioVersion = 10.0.40219.1
Project("{FAE04EC0-301F-11D3-BF4B-00C04F79EFBC}") = "Seismic.UI", "src\Seismic.UI\Seismic.UI.csproj", "{9E0B03F1-5DFA-B930-E5AC-E097D51B41DF}"
EndProject
Global
	GlobalSection(SolutionConfigurationPlatforms) = preSolution
		Debug|Any CPU = Debug|Any CPU
		Release|Any CPU = Release|Any CPU
	EndGlobalSection
	GlobalSection(ProjectConfigurationPlatforms) = postSolution
		{9E0B03F1-5DFA-B930-E5AC-E097D51B41DF}.Debug|Any CPU.ActiveCfg = Debug|Any CPU
		{9E0B03F1-5DFA-B930-E5AC-E097D51B41DF}.Debug|Any CPU.Build.0 = Debug|Any CPU
		{9E0B03F1-5DFA-B930-E5AC-E097D51B41DF}.Release|Any CPU.ActiveCfg = Release|Any CPU
		{9E0B03F1-5DFA-B930-E5AC-E097D51B41DF}.Release|Any CPU.Build.0 = Release|Any CPU
	EndGlobalSection
	GlobalSection(SolutionProperties) = preSolution
		HideSolutionNode = FALSE
	EndGlobalSection
	GlobalSection(ExtensibilityGlobals) = postSolution
		SolutionGuid = {A84767D6-782E-475D-899D-EFAF4C67C31A}
	EndGlobalSection
EndGlobal
